{
  "name": "pocketide-browser-tools",
  "lockfileVersion": 3,
  "requires": true,
  "packages": {
    "": {
      "name": "pocketide-browser-tools",
      "dependencies": {
        "@playwright/mcp": "0.0.82",
        "chrome-devtools-mcp": "1.10.1"
      }
    },
    "node_modules/@playwright/mcp": {
      "version": "0.0.82",
      "resolved": "https://registry.npmjs.org/@playwright/mcp/-/mcp-0.0.82.tgz",
      "integrity": "sha512-OCqftfb8H4dnqm/njbTBRk3seUvUPttOlJUxCtEzXGETYOlRH5Qt3bbXIjmZIuWAxD9RF+yg1ASrPeXvm0y5cA==",
      "license": "Apache-2.0",
      "dependencies": {
        "playwright": "1.64.0-alpha-1789764292000",
        "playwright-core": "1.64.0-alpha-1789764292000"
      },
      "bin": {
        "playwright-mcp": "cli.js"
      },
      "engines": {
        "node": ">=18"
      }
    },
    "node_modules/chrome-devtools-mcp": {
      "version": "1.10.1",
      "resolved": "https://registry.npmjs.org/chrome-devtools-mcp/-/chrome-devtools-mcp-1.10.1.tgz",
      "integrity": "sha512-Klw6HWDqHC/XS1JwZldd2r49aUhbUJN9m9Mvcx4SEueIPXtzuQX+QelxAViobv8YUkDZ7HWDrmViR6LeYK0wAw==",
      "license": "Apache-2.0",
      "bin": {
        "chrome-devtools": "build/src/bin/chrome-devtools.js",
        "chrome-devtools-mcp": "build/src/bin/chrome-devtools-mcp.js"
      },
      "engines": {
        "node": "^20.19.0 || ^22.12.0 || >=23"
      },
      "peerDependencies": {
        "@blackwell-systems/gcf": "^2.2.2",
        "@toon-format/toon": "^4.1.0"
      },
      "peerDependenciesMeta": {
        "@blackwell-systems/gcf": {
          "optional": true
        },
        "@toon-format/toon": {
          "optional": true
        }
      }
    },
    "node_modules/playwright": {
      "version": "1.64.0-alpha-1789764292000",
      "resolved": "https://registry.npmjs.org/playwright/-/playwright-1.64.0-alpha-1789764292000.tgz",
      "integrity": "sha512-3Ngs4ERGdC912uW3srEDtNVey4u1wSaQ/EFcKhxMpz0by0K6nidaJgM087pLpJc1osytiVnL7ack5gvgPArPNw==",
      "license": "Apache-2.0",
      "dependencies": {
        "playwright-core": "1.64.0-alpha-1789764292000"
      },
      "bin": {
        "playwright": "cli.js"
      },
      "engines": {
        "node": ">=20"
      }
    },
    "node_modules/playwright-core": {
      "version": "1.64.0-alpha-1789764292000",
      "resolved": "https://registry.npmjs.org/playwright-core/-/playwright-core-1.64.0-alpha-1789764292000.tgz",
      "integrity": "sha512-ZgRaybFv4rRy7QMGnYprEGFdNJnvapNqcaER2w96bDQA+40BWIle1el1Yh9KHD3E6XYmieMB+r+UxFTCauTGGQ==",
      "license": "Apache-2.0",
      "bin": {
        "playwright-core": "cli.js"
      },
      "engines": {
        "node": ">=20"
      }
    }
  }
}
